
Microsoft Visual Studio Solution File, Format Version 12.00
# Visual Studio Version 17
VisualStudioVersion = 17.4.33213.308
MinimumVisualStudioVersion = 10.0.40219.1
Project("{FAE04EC0-301F-11D3-BF4B-00C04F79EFBC}") = "Program3", "Program3.csproj", "{D50530FD-CBA2-455A-A844-D6F018A353EB}"
EndProject
Global
	GlobalSection(SolutionConfigurationPlatforms) = preSolution
		Debug|Any CPU = Debug|Any CPU
		Release|Any CPU = Release|Any CPU
	EndGlobalSection
	GlobalSection(ProjectConfigurationPlatforms) = postSolution
		{D50530FD-CBA2-455A-A844-D6F018A353EB}.Debug|Any CPU.ActiveCfg = Debug|Any CPU
		{D50530FD-CBA2-455A-A844-D6F018A353EB}.Debug|Any CPU.Build.0 = Debug|Any CPU
		{D50530FD-CBA2-455A-A844-D6F018A353EB}.Release|Any CPU.ActiveCfg = Release|Any CPU
		{D50530FD-CBA2-455A-A844-D6F018A353EB}.Release|Any CPU.Build.0 = Release|Any CPU
	EndGlobalSection
	GlobalSection(SolutionProperties) = preSolution
		HideSolutionNode = FALSE
	EndGlobalSection
	GlobalSection(ExtensibilityGlobals) = postSolution
		SolutionGuid = {A27A4F78-7F5D-498D-A84C-474A9B12EBA7}
	EndGlobalSection
EndGlobal
