
Microsoft Visual Studio Solution File, Format Version 12.00
# Visual Studio Version 17
VisualStudioVersion = 17.4.33213.308
MinimumVisualStudioVersion = 10.0.40219.1
Project("{FAE04EC0-301F-11D3-BF4B-00C04F79EFBC}") = "Program4", "Program4.csproj", "{795F784E-AA2B-42A7-A1B6-AACBD540A6E3}"
EndProject
Global
	GlobalSection(SolutionConfigurationPlatforms) = preSolution
		Debug|Any CPU = Debug|Any CPU
		Release|Any CPU = Release|Any CPU
	EndGlobalSection
	GlobalSection(ProjectConfigurationPlatforms) = postSolution
		{795F784E-AA2B-42A7-A1B6-AACBD540A6E3}.Debug|Any CPU.ActiveCfg = Debug|Any CPU
		{795F784E-AA2B-42A7-A1B6-AACBD540A6E3}.Debug|Any CPU.Build.0 = Debug|Any CPU
		{795F784E-AA2B-42A7-A1B6-AACBD540A6E3}.Release|Any CPU.ActiveCfg = Release|Any CPU
		{795F784E-AA2B-42A7-A1B6-AACBD540A6E3}.Release|Any CPU.Build.0 = Release|Any CPU
	EndGlobalSection
	GlobalSection(SolutionProperties) = preSolution
		HideSolutionNode = FALSE
	EndGlobalSection
	GlobalSection(ExtensibilityGlobals) = postSolution
		SolutionGuid = {1916025C-A165-4CE2-8403-6F720D4CA201}
	EndGlobalSection
EndGlobal
