
Microsoft Visual Studio Solution File, Format Version 12.00
# Visual Studio Version 17
VisualStudioVersion = 17.4.33213.308
MinimumVisualStudioVersion = 10.0.40219.1
Project("{FAE04EC0-301F-11D3-BF4B-00C04F79EFBC}") = "Program10", "Program10.csproj", "{1FC8309E-9F3A-486D-A667-DFD5FEB91C87}"
EndProject
Global
	GlobalSection(SolutionConfigurationPlatforms) = preSolution
		Debug|Any CPU = Debug|Any CPU
		Release|Any CPU = Release|Any CPU
	EndGlobalSection
	GlobalSection(ProjectConfigurationPlatforms) = postSolution
		{1FC8309E-9F3A-486D-A667-DFD5FEB91C87}.Debug|Any CPU.ActiveCfg = Debug|Any CPU
		{1FC8309E-9F3A-486D-A667-DFD5FEB91C87}.Debug|Any CPU.Build.0 = Debug|Any CPU
		{1FC8309E-9F3A-486D-A667-DFD5FEB91C87}.Release|Any CPU.ActiveCfg = Release|Any CPU
		{1FC8309E-9F3A-486D-A667-DFD5FEB91C87}.Release|Any CPU.Build.0 = Release|Any CPU
	EndGlobalSection
	GlobalSection(SolutionProperties) = preSolution
		HideSolutionNode = FALSE
	EndGlobalSection
	GlobalSection(ExtensibilityGlobals) = postSolution
		SolutionGuid = {B9E60A99-BA10-49A7-9382-01C6EEC7C81F}
	EndGlobalSection
EndGlobal
