
Microsoft Visual Studio Solution File, Format Version 12.00
# Visual Studio Version 17
VisualStudioVersion = 17.4.33213.308
MinimumVisualStudioVersion = 10.0.40219.1
Project("{FAE04EC0-301F-11D3-BF4B-00C04F79EFBC}") = "Program8", "Program8.csproj", "{A3B93254-D2FE-4DD1-8749-34BD8B476CCF}"
EndProject
Global
	GlobalSection(SolutionConfigurationPlatforms) = preSolution
		Debug|Any CPU = Debug|Any CPU
		Release|Any CPU = Release|Any CPU
	EndGlobalSection
	GlobalSection(ProjectConfigurationPlatforms) = postSolution
		{A3B93254-D2FE-4DD1-8749-34BD8B476CCF}.Debug|Any CPU.ActiveCfg = Debug|Any CPU
		{A3B93254-D2FE-4DD1-8749-34BD8B476CCF}.Debug|Any CPU.Build.0 = Debug|Any CPU
		{A3B93254-D2FE-4DD1-8749-34BD8B476CCF}.Release|Any CPU.ActiveCfg = Release|Any CPU
		{A3B93254-D2FE-4DD1-8749-34BD8B476CCF}.Release|Any CPU.Build.0 = Release|Any CPU
	EndGlobalSection
	GlobalSection(SolutionProperties) = preSolution
		HideSolutionNode = FALSE
	EndGlobalSection
	GlobalSection(ExtensibilityGlobals) = postSolution
		SolutionGuid = {16E322C0-DD1C-45B0-AE79-7C0808EB9004}
	EndGlobalSection
EndGlobal
