
Microsoft Visual Studio Solution File, Format Version 12.00
# Visual Studio Version 17
VisualStudioVersion = 17.4.33213.308
MinimumVisualStudioVersion = 10.0.40219.1
Project("{FAE04EC0-301F-11D3-BF4B-00C04F79EFBC}") = "Program9", "Program9.csproj", "{67693937-F3D0-46E4-BD82-040F5A959CC8}"
EndProject
Global
	GlobalSection(SolutionConfigurationPlatforms) = preSolution
		Debug|Any CPU = Debug|Any CPU
		Release|Any CPU = Release|Any CPU
	EndGlobalSection
	GlobalSection(ProjectConfigurationPlatforms) = postSolution
		{67693937-F3D0-46E4-BD82-040F5A959CC8}.Debug|Any CPU.ActiveCfg = Debug|Any CPU
		{67693937-F3D0-46E4-BD82-040F5A959CC8}.Debug|Any CPU.Build.0 = Debug|Any CPU
		{67693937-F3D0-46E4-BD82-040F5A959CC8}.Release|Any CPU.ActiveCfg = Release|Any CPU
		{67693937-F3D0-46E4-BD82-040F5A959CC8}.Release|Any CPU.Build.0 = Release|Any CPU
	EndGlobalSection
	GlobalSection(SolutionProperties) = preSolution
		HideSolutionNode = FALSE
	EndGlobalSection
	GlobalSection(ExtensibilityGlobals) = postSolution
		SolutionGuid = {84E35BC2-CECB-44A9-A6D3-643AB8501D0D}
	EndGlobalSection
EndGlobal
